// !$*UTF8*$!
{
	archiveVersion = 1;
	classes = {
	};
	objectVersion = 55;
	objects = {

/* Begin PBXBuildFile section */
		3A1D4F27282FCC61003C57D9 /* AppDelegate.swift in Sources */ = {isa = PBXBuildFile; fileRef = 3A1D4F26282FCC61003C57D9 /* AppDelegate.swift */; };
		3A1D4F29282FCC61003C57D9 /* SceneDelegate.swift in Sources */ = {isa = PBXBuildFile; fileRef = 3A1D4F28282FCC61003C57D9 /* SceneDelegate.swift */; };
		3A1D4F2B282FCC61003C57D9 /* WelcomeVC.swift in Sources */ = {isa = PBXBuildFile; fileRef = 3A1D4F2A282FCC61003C57D9 /* WelcomeVC.swift */; };
		3A1D4F30282FCC64003C57D9 /* Assets.xcassets in Resources */ = {isa = PBXBuildFile; fileRef = 3A1D4F2F282FCC64003C57D9 /* Assets.xcassets */; };
		3A1D4F33282FCC64003C57D9 /* LaunchScreen.storyboard in Resources */ = {isa = PBXBuildFile; fileRef = 3A1D4F31282FCC64003C57D9 /* LaunchScreen.storyboard */; };
		3A1D4F3E282FCFC3003C57D9 /* RegistrationVC.swift in Sources */ = {isa = PBXBuildFile; fileRef = 3A1D4F3D282FCFC3003C57D9 /* RegistrationVC.swift */; };
		3A1D4F40282FD013003C57D9 /* MountainPassListVC.swift in Sources */ = {isa = PBXBuildFile; fileRef = 3A1D4F3F282FD013003C57D9 /* MountainPassListVC.swift */; };
		3A1D4F42282FD02D003C57D9 /* NewMountainPassVC.swift in Sources */ = {isa = PBXBuildFile; fileRef = 3A1D4F41282FD02D003C57D9 /* NewMountainPassVC.swift */; };
		3A1D4F44282FD227003C57D9 /* UIColor + Extensions.swift in Sources */ = {isa = PBXBuildFile; fileRef = 3A1D4F43282FD227003C57D9 /* UIColor + Extensions.swift */; };
		3A1D4F47282FFC2B003C57D9 /* PTSans-Regular.ttf in Resources */ = {isa = PBXBuildFile; fileRef = 3A1D4F46282FFC2B003C57D9 /* PTSans-Regular.ttf */; };
		3A1D4F49282FFDF1003C57D9 /* UIFont + Extensions.swift in Sources */ = {isa = PBXBuildFile; fileRef = 3A1D4F48282FFDF1003C57D9 /* UIFont + Extensions.swift */; };
		3A1D4F4B28300451003C57D9 /* PTSans-Bold.ttf in Resources */ = {isa = PBXBuildFile; fileRef = 3A1D4F4A28300451003C57D9 /* PTSans-Bold.ttf */; };
		3A1D4F4F28301294003C57D9 /* DINPro-Medium.otf in Resources */ = {isa = PBXBuildFile; fileRef = 3A1D4F4E28301294003C57D9 /* DINPro-Medium.otf */; };
		3A2ED0CC2830E3A300285746 /* InputField.swift in Sources */ = {isa = PBXBuildFile; fileRef = 3A2ED0CB2830E3A300285746 /* InputField.swift */; };
		3A2ED0CE283114D600285746 /* UITextField + Extensions.swift in Sources */ = {isa = PBXBuildFile; fileRef = 3A2ED0CD283114D600285746 /* UITextField + Extensions.swift */; };
		3A2ED0D028311FCA00285746 /* UILabel + Extensions.swift in Sources */ = {isa = PBXBuildFile; fileRef = 3A2ED0CF28311FCA00285746 /* UILabel + Extensions.swift */; };
		3A2ED0D228312AA900285746 /* Montserrat-Light.ttf in Resources */ = {isa = PBXBuildFile; fileRef = 3A2ED0D128312AA900285746 /* Montserrat-Light.ttf */; };
		3A2ED0D4283150E600285746 /* ptMono-bold.ttf in Resources */ = {isa = PBXBuildFile; fileRef = 3A2ED0D3283150E500285746 /* ptMono-bold.ttf */; };
		3A2ED0D6283178D300285746 /* CategoryButton.swift in Sources */ = {isa = PBXBuildFile; fileRef = 3A2ED0D5283178D200285746 /* CategoryButton.swift */; };
		3A2ED0D92832253500285746 /* AdditionButton.swift in Sources */ = {isa = PBXBuildFile; fileRef = 3A2ED0D82832253300285746 /* AdditionButton.swift */; };
		3A2ED0DB2832612800285746 /* SeparatorView.swift in Sources */ = {isa = PBXBuildFile; fileRef = 3A2ED0DA2832612800285746 /* SeparatorView.swift */; };
		3A2ED0DF28326A4E00285746 /* CalendarView.swift in Sources */ = {isa = PBXBuildFile; fileRef = 3A2ED0DE28326A4E00285746 /* CalendarView.swift */; };
		3A2ED0E1283287D200285746 /* TodayView.swift in Sources */ = {isa = PBXBuildFile; fileRef = 3A2ED0E0283287D200285746 /* TodayView.swift */; };
		3A2ED0E32832991600285746 /* CoordinatesView.swift in Sources */ = {isa = PBXBuildFile; fileRef = 3A2ED0E22832991500285746 /* CoordinatesView.swift */; };
		3A2ED0E52832A04A00285746 /* AltitudeView.swift in Sources */ = {isa = PBXBuildFile; fileRef = 3A2ED0E42832A04A00285746 /* AltitudeView.swift */; };
		3A2ED0E72832B43800285746 /* AttachPhotoView.swift in Sources */ = {isa = PBXBuildFile; fileRef = 3A2ED0E62832B43800285746 /* AttachPhotoView.swift */; };
		3A2ED0EA2832C4F500285746 /* GaleryView.swift in Sources */ = {isa = PBXBuildFile; fileRef = 3A2ED0E92832C4F500285746 /* GaleryView.swift */; };
		3A2ED0EC2832C7E800285746 /* PhotoView.swift in Sources */ = {isa = PBXBuildFile; fileRef = 3A2ED0EB2832C7E800285746 /* PhotoView.swift */; };
		3A2ED0F02833F46600285746 /* Montserrat-Italic.ttf in Resources */ = {isa = PBXBuildFile; fileRef = 3A2ED0EF2833F46500285746 /* Montserrat-Italic.ttf */; };
		3A2ED0F22833F8B500285746 /* DIN-Condensed.ttf in Resources */ = {isa = PBXBuildFile; fileRef = 3A2ED0F12833F8B500285746 /* DIN-Condensed.ttf */; };
		3A2ED0F52835435600285746 /* UserModel.swift in Sources */ = {isa = PBXBuildFile; fileRef = 3A2ED0F42835435600285746 /* UserModel.swift */; };
		3A2ED0F72835489F00285746 /* UserSettings.swift in Sources */ = {isa = PBXBuildFile; fileRef = 3A2ED0F62835489F00285746 /* UserSettings.swift */; };
		3A8F45A9283FD52700D0ECA7 /* EmptyViewContainer.swift in Sources */ = {isa = PBXBuildFile; fileRef = 3A8F45A8283FD52700D0ECA7 /* EmptyViewContainer.swift */; };
		3A8F45AB283FD99500D0ECA7 /* MountainModel.swift in Sources */ = {isa = PBXBuildFile; fileRef = 3A8F45AA283FD99500D0ECA7 /* MountainModel.swift */; };
		3A8F45AD283FF59F00D0ECA7 /* TableViewContainer.swift in Sources */ = {isa = PBXBuildFile; fileRef = 3A8F45AC283FF59F00D0ECA7 /* TableViewContainer.swift */; };
		3A8F45B02840113900D0ECA7 /* MountainTableViewCell.swift in Sources */ = {isa = PBXBuildFile; fileRef = 3A8F45AF2840113900D0ECA7 /* MountainTableViewCell.swift */; };
		3A8F45B32840EEC600D0ECA7 /* EditToolsContainer.swift in Sources */ = {isa = PBXBuildFile; fileRef = 3A8F45B22840EEC600D0ECA7 /* EditToolsContainer.swift */; };
		3A8F45B52842145F00D0ECA7 /* BottomPanel.swift in Sources */ = {isa = PBXBuildFile; fileRef = 3A8F45B42842145E00D0ECA7 /* BottomPanel.swift */; };
		3A8F45B82842A1BC00D0ECA7 /* EditMountainPassVC.swift in Sources */ = {isa = PBXBuildFile; fileRef = 3A8F45B72842A1BC00D0ECA7 /* EditMountainPassVC.swift */; };
		3A9BCE352830D14E00C510FD /* UIButton + Extensions.swift in Sources */ = {isa = PBXBuildFile; fileRef = 3A9BCE342830D14E00C510FD /* UIButton + Extensions.swift */; };
		3AC8A02D283651CE005CEBFD /* SplashViewController.swift in Sources */ = {isa = PBXBuildFile; fileRef = 3AC8A02C283651CD005CEBFD /* SplashViewController.swift */; };
		3AC8A02F28365238005CEBFD /* RootViewController.swift in Sources */ = {isa = PBXBuildFile; fileRef = 3AC8A02E28365238005CEBFD /* RootViewController.swift */; };
		3AC8A0362836C75F005CEBFD /* MountainPass.swift in Sources */ = {isa = PBXBuildFile; fileRef = 3AC8A0352836C75F005CEBFD /* MountainPass.swift */; };
		3AC8A0392837ED18005CEBFD /* APIService.swift in Sources */ = {isa = PBXBuildFile; fileRef = 3AC8A0382837ED18005CEBFD /* APIService.swift */; };
		3AC8A03B2837F414005CEBFD /* Models.swift in Sources */ = {isa = PBXBuildFile; fileRef = 3AC8A03A2837F414005CEBFD /* Models.swift */; };
		3AC8A03F28390A6B005CEBFD /* MountainPassModel.swift in Sources */ = {isa = PBXBuildFile; fileRef = 3AC8A03E28390A6B005CEBFD /* MountainPassModel.swift */; };
		3AC8A041283963BA005CEBFD /* CoordinatesModal.swift in Sources */ = {isa = PBXBuildFile; fileRef = 3AC8A040283963B9005CEBFD /* CoordinatesModal.swift */; };
		3AC8A048283A3FC1005CEBFD /* AltitudeField.swift in Sources */ = {isa = PBXBuildFile; fileRef = 3AC8A047283A3FC1005CEBFD /* AltitudeField.swift */; };
		3AC8A04A283A9947005CEBFD /* CoordinateField.swift in Sources */ = {isa = PBXBuildFile; fileRef = 3AC8A049283A9947005CEBFD /* CoordinateField.swift */; };
		3AC8A04C283D0EFE005CEBFD /* PhotoContainer.swift in Sources */ = {isa = PBXBuildFile; fileRef = 3AC8A04B283D0EFE005CEBFD /* PhotoContainer.swift */; };
		3AC8A04E283D175B005CEBFD /* TableSection.swift in Sources */ = {isa = PBXBuildFile; fileRef = 3AC8A04D283D175B005CEBFD /* TableSection.swift */; };
/* End PBXBuildFile section */

/* Begin PBXFileReference section */
		3A1D4F23282FCC61003C57D9 /* PerevalApp.app */ = {isa = PBXFileReference; explicitFileType = wrapper.application; includeInIndex = 0; path = PerevalApp.app; sourceTree = BUILT_PRODUCTS_DIR; };
		3A1D4F26282FCC61003C57D9 /* AppDelegate.swift */ = {isa = PBXFileReference; lastKnownFileType = sourcecode.swift; path = AppDelegate.swift; sourceTree = "<group>"; };
		3A1D4F28282FCC61003C57D9 /* SceneDelegate.swift */ = {isa = PBXFileReference; lastKnownFileType = sourcecode.swift; path = SceneDelegate.swift; sourceTree = "<group>"; };
		3A1D4F2A282FCC61003C57D9 /* WelcomeVC.swift */ = {isa = PBXFileReference; lastKnownFileType = sourcecode.swift; path = WelcomeVC.swift; sourceTree = "<group>"; };
		3A1D4F2F282FCC64003C57D9 /* Assets.xcassets */ = {isa = PBXFileReference; lastKnownFileType = folder.assetcatalog; path = Assets.xcassets; sourceTree = "<group>"; };
		3A1D4F32282FCC64003C57D9 /* Base */ = {isa = PBXFileReference; lastKnownFileType = file.storyboard; name = Base; path = Base.lproj/LaunchScreen.storyboard; sourceTree = "<group>"; };
		3A1D4F34282FCC64003C57D9 /* Info.plist */ = {isa = PBXFileReference; lastKnownFileType = text.plist.xml; path = Info.plist; sourceTree = "<group>"; };
		3A1D4F3D282FCFC3003C57D9 /* RegistrationVC.swift */ = {isa = PBXFileReference; lastKnownFileType = sourcecode.swift; path = RegistrationVC.swift; sourceTree = "<group>"; };
		3A1D4F3F282FD013003C57D9 /* MountainPassListVC.swift */ = {isa = PBXFileReference; lastKnownFileType = sourcecode.swift; path = MountainPassListVC.swift; sourceTree = "<group>"; };
		3A1D4F41282FD02D003C57D9 /* NewMountainPassVC.swift */ = {isa = PBXFileReference; lastKnownFileType = sourcecode.swift; path = NewMountainPassVC.swift; sourceTree = "<group>"; };
		3A1D4F43282FD227003C57D9 /* UIColor + Extensions.swift */ = {isa = PBXFileReference; lastKnownFileType = sourcecode.swift; path = "UIColor + Extensions.swift"; sourceTree = "<group>"; };
		3A1D4F46282FFC2B003C57D9 /* PTSans-Regular.ttf */ = {isa = PBXFileReference; lastKnownFileType = file; path = "PTSans-Regular.ttf"; sourceTree = "<group>"; };
		3A1D4F48282FFDF1003C57D9 /* UIFont + Extensions.swift */ = {isa = PBXFileReference; lastKnownFileType = sourcecode.swift; path = "UIFont + Extensions.swift"; sourceTree = "<group>"; };
		3A1D4F4A28300451003C57D9 /* PTSans-Bold.ttf */ = {isa = PBXFileReference; lastKnownFileType = file; path = "PTSans-Bold.ttf"; sourceTree = "<group>"; };
		3A1D4F4E28301294003C57D9 /* DINPro-Medium.otf */ = {isa = PBXFileReference; lastKnownFileType = file; path = "DINPro-Medium.otf"; sourceTree = "<group>"; };
		3A2ED0CB2830E3A300285746 /* InputField.swift */ = {isa = PBXFileReference; lastKnownFileType = sourcecode.swift; path = InputField.swift; sourceTree = "<group>"; };
		3A2ED0CD283114D600285746 /* UITextField + Extensions.swift */ = {isa = PBXFileReference; lastKnownFileType = sourcecode.swift; path = "UITextField + Extensions.swift"; sourceTree = "<group>"; };
		3A2ED0CF28311FCA00285746 /* UILabel + Extensions.swift */ = {isa = PBXFileReference; lastKnownFileType = sourcecode.swift; path = "UILabel + Extensions.swift"; sourceTree = "<group>"; };
		3A2ED0D128312AA900285746 /* Montserrat-Light.ttf */ = {isa = PBXFileReference; lastKnownFileType = file; path = "Montserrat-Light.ttf"; sourceTree = "<group>"; };
		3A2ED0D3283150E500285746 /* ptMono-bold.ttf */ = {isa = PBXFileReference; lastKnownFileType = file; path = "ptMono-bold.ttf"; sourceTree = "<group>"; };
		3A2ED0D5283178D200285746 /* CategoryButton.swift */ = {isa = PBXFileReference; lastKnownFileType = sourcecode.swift; path = CategoryButton.swift; sourceTree = "<group>"; };
		3A2ED0D82832253300285746 /* AdditionButton.swift */ = {isa = PBXFileReference; lastKnownFileType = sourcecode.swift; path = AdditionButton.swift; sourceTree = "<group>"; };
		3A2ED0DA2832612800285746 /* SeparatorView.swift */ = {isa = PBXFileReference; lastKnownFileType = sourcecode.swift; path = SeparatorView.swift; sourceTree = "<group>"; };
		3A2ED0DE28326A4E00285746 /* CalendarView.swift */ = {isa = PBXFileReference; lastKnownFileType = sourcecode.swift; path = CalendarView.swift; sourceTree = "<group>"; };
		3A2ED0E0283287D200285746 /* TodayView.swift */ = {isa = PBXFileReference; lastKnownFileType = sourcecode.swift; path = TodayView.swift; sourceTree = "<group>"; };
		3A2ED0E22832991500285746 /* CoordinatesView.swift */ = {isa = PBXFileReference; lastKnownFileType = sourcecode.swift; path = CoordinatesView.swift; sourceTree = "<group>"; };
		3A2ED0E42832A04A00285746 /* AltitudeView.swift */ = {isa = PBXFileReference; lastKnownFileType = sourcecode.swift; path = AltitudeView.swift; sourceTree = "<group>"; };
		3A2ED0E62832B43800285746 /* AttachPhotoView.swift */ = {isa = PBXFileReference; lastKnownFileType = sourcecode.swift; path = AttachPhotoView.swift; sourceTree = "<group>"; };
		3A2ED0E92832C4F500285746 /* GaleryView.swift */ = {isa = PBXFileReference; lastKnownFileType = sourcecode.swift; path = GaleryView.swift; sourceTree = "<group>"; };
		3A2ED0EB2832C7E800285746 /* PhotoView.swift */ = {isa = PBXFileReference; lastKnownFileType = sourcecode.swift; path = PhotoView.swift; sourceTree = "<group>"; };
		3A2ED0EF2833F46500285746 /* Montserrat-Italic.ttf */ = {isa = PBXFileReference; lastKnownFileType = file; path = "Montserrat-Italic.ttf"; sourceTree = "<group>"; };
		3A2ED0F12833F8B500285746 /* DIN-Condensed.ttf */ = {isa = PBXFileReference; lastKnownFileType = file; path = "DIN-Condensed.ttf"; sourceTree = "<group>"; };
		3A2ED0F42835435600285746 /* UserModel.swift */ = {isa = PBXFileReference; lastKnownFileType = sourcecode.swift; path = UserModel.swift; sourceTree = "<group>"; };
		3A2ED0F62835489F00285746 /* UserSettings.swift */ = {isa = PBXFileReference; lastKnownFileType = sourcecode.swift; path = UserSettings.swift; sourceTree = "<group>"; };
		3A8F45A8283FD52700D0ECA7 /* EmptyViewContainer.swift */ = {isa = PBXFileReference; lastKnownFileType = sourcecode.swift; path = EmptyViewContainer.swift; sourceTree = "<group>"; };
		3A8F45AA283FD99500D0ECA7 /* MountainModel.swift */ = {isa = PBXFileReference; lastKnownFileType = sourcecode.swift; path = MountainModel.swift; sourceTree = "<group>"; };
		3A8F45AC283FF59F00D0ECA7 /* TableViewContainer.swift */ = {isa = PBXFileReference; lastKnownFileType = sourcecode.swift; path = TableViewContainer.swift; sourceTree = "<group>"; };
		3A8F45AF2840113900D0ECA7 /* MountainTableViewCell.swift */ = {isa = PBXFileReference; lastKnownFileType = sourcecode.swift; path = MountainTableViewCell.swift; sourceTree = "<group>"; };
		3A8F45B22840EEC600D0ECA7 /* EditToolsContainer.swift */ = {isa = PBXFileReference; lastKnownFileType = sourcecode.swift; path = EditToolsContainer.swift; sourceTree = "<group>"; };
		3A8F45B42842145E00D0ECA7 /* BottomPanel.swift */ = {isa = PBXFileReference; lastKnownFileType = sourcecode.swift; path = BottomPanel.swift; sourceTree = "<group>"; };
		3A8F45B72842A1BC00D0ECA7 /* EditMountainPassVC.swift */ = {isa = PBXFileReference; lastKnownFileType = sourcecode.swift; path = EditMountainPassVC.swift; sourceTree = "<group>"; };
		3A9BCE342830D14E00C510FD /* UIButton + Extensions.swift */ = {isa = PBXFileReference; lastKnownFileType = sourcecode.swift; path = "UIButton + Extensions.swift"; sourceTree = "<group>"; };
		3AC8A02C283651CD005CEBFD /* SplashViewController.swift */ = {isa = PBXFileReference; lastKnownFileType = sourcecode.swift; path = SplashViewController.swift; sourceTree = "<group>"; };
		3AC8A02E28365238005CEBFD /* RootViewController.swift */ = {isa = PBXFileReference; lastKnownFileType = sourcecode.swift; path = RootViewController.swift; sourceTree = "<group>"; };
		3AC8A0352836C75F005CEBFD /* MountainPass.swift */ = {isa = PBXFileReference; lastKnownFileType = sourcecode.swift; path = MountainPass.swift; sourceTree = "<group>"; };
		3AC8A0382837ED18005CEBFD /* APIService.swift */ = {isa = PBXFileReference; lastKnownFileType = sourcecode.swift; path = APIService.swift; sourceTree = "<group>"; };
		3AC8A03A2837F414005CEBFD /* Models.swift */ = {isa = PBXFileReference; lastKnownFileType = sourcecode.swift; path = Models.swift; sourceTree = "<group>"; };
		3AC8A03E28390A6B005CEBFD /* MountainPassModel.swift */ = {isa = PBXFileReference; lastKnownFileType = sourcecode.swift; path = MountainPassModel.swift; sourceTree = "<group>"; };
		3AC8A040283963B9005CEBFD /* CoordinatesModal.swift */ = {isa = PBXFileReference; lastKnownFileType = sourcecode.swift; path = CoordinatesModal.swift; sourceTree = "<group>"; };
		3AC8A047283A3FC1005CEBFD /* AltitudeField.swift */ = {isa = PBXFileReference; lastKnownFileType = sourcecode.swift; path = AltitudeField.swift; sourceTree = "<group>"; };
		3AC8A049283A9947005CEBFD /* CoordinateField.swift */ = {isa = PBXFileReference; lastKnownFileType = sourcecode.swift; path = CoordinateField.swift; sourceTree = "<group>"; };
		3AC8A04B283D0EFE005CEBFD /* PhotoContainer.swift */ = {isa = PBXFileReference; lastKnownFileType = sourcecode.swift; path = PhotoContainer.swift; sourceTree = "<group>"; };
		3AC8A04D283D175B005CEBFD /* TableSection.swift */ = {isa = PBXFileReference; lastKnownFileType = sourcecode.swift; path = TableSection.swift; sourceTree = "<group>"; };
/* End PBXFileReference section */

/* Begin PBXFrameworksBuildPhase section */
		3A1D4F20282FCC61003C57D9 /* Frameworks */ = {
			isa = PBXFrameworksBuildPhase;
			buildActionMask = 2147483647;
			files = (
			);
			runOnlyForDeploymentPostprocessing = 0;
		};
/* End PBXFrameworksBuildPhase section */

/* Begin PBXGroup section */
		3A1D4F1A282FCC61003C57D9 = {
			isa = PBXGroup;
			children = (
				3A1D4F25282FCC61003C57D9 /* PerevalApp */,
				3A1D4F24282FCC61003C57D9 /* Products */,
			);
			sourceTree = "<group>";
		};
		3A1D4F24282FCC61003C57D9 /* Products */ = {
			isa = PBXGroup;
			children = (
				3A1D4F23282FCC61003C57D9 /* PerevalApp.app */,
			);
			name = Products;
			sourceTree = "<group>";
		};
		3A1D4F25282FCC61003C57D9 /* PerevalApp */ = {
			isa = PBXGroup;
			children = (
				3A1D4F3A282FCF36003C57D9 /* Application */,
				3AC8A0372837EC5A005CEBFD /* API */,
				3A2ED0F8283548A700285746 /* Managers */,
				3A2ED0F32835433D00285746 /* Models */,
				3A2ED0CA2830E34E00285746 /* Views */,
				3A1D4F3B282FCF4F003C57D9 /* Controllers */,
				3AC8A042283963C5005CEBFD /* Modals */,
				3A8F45AE2840107A00D0ECA7 /* Enums */,
				3A9BCE3328301BAF00C510FD /* Extensions */,
				3A1D4F3C282FCF6B003C57D9 /* Resources */,
			);
			path = PerevalApp;
			sourceTree = "<group>";
		};
		3A1D4F3A282FCF36003C57D9 /* Application */ = {
			isa = PBXGroup;
			children = (
				3A1D4F26282FCC61003C57D9 /* AppDelegate.swift */,
				3A1D4F28282FCC61003C57D9 /* SceneDelegate.swift */,
			);
			path = Application;
			sourceTree = "<group>";
		};
		3A1D4F3B282FCF4F003C57D9 /* Controllers */ = {
			isa = PBXGroup;
			children = (
				3AC8A02C283651CD005CEBFD /* SplashViewController.swift */,
				3AC8A02E28365238005CEBFD /* RootViewController.swift */,
				3A1D4F2A282FCC61003C57D9 /* WelcomeVC.swift */,
				3A1D4F3D282FCFC3003C57D9 /* RegistrationVC.swift */,
				3A1D4F3F282FD013003C57D9 /* MountainPassListVC.swift */,
				3A1D4F41282FD02D003C57D9 /* NewMountainPassVC.swift */,
				3A8F45B72842A1BC00D0ECA7 /* EditMountainPassVC.swift */,
			);
			path = Controllers;
			sourceTree = "<group>";
		};
		3A1D4F3C282FCF6B003C57D9 /* Resources */ = {
			isa = PBXGroup;
			children = (
				3A1D4F45282FFBF2003C57D9 /* Fonts */,
				3A1D4F2F282FCC64003C57D9 /* Assets.xcassets */,
				3A1D4F31282FCC64003C57D9 /* LaunchScreen.storyboard */,
				3A1D4F34282FCC64003C57D9 /* Info.plist */,
			);
			path = Resources;
			sourceTree = "<group>";
		};
		3A1D4F45282FFBF2003C57D9 /* Fonts */ = {
			isa = PBXGroup;
			children = (
				3A2ED0F12833F8B500285746 /* DIN-Condensed.ttf */,
				3A1D4F4E28301294003C57D9 /* DINPro-Medium.otf */,
				3A2ED0D128312AA900285746 /* Montserrat-Light.ttf */,
				3A2ED0EF2833F46500285746 /* Montserrat-Italic.ttf */,
				3A1D4F4A28300451003C57D9 /* PTSans-Bold.ttf */,
				3A1D4F46282FFC2B003C57D9 /* PTSans-Regular.ttf */,
				3A2ED0D3283150E500285746 /* ptMono-bold.ttf */,
			);
			path = Fonts;
			sourceTree = "<group>";
		};
		3A2ED0CA2830E34E00285746 /* Views */ = {
			isa = PBXGroup;
			children = (
				3A8F45B62842147800D0ECA7 /* MountainPassListVC */,
				3A8F45A8283FD52700D0ECA7 /* EmptyViewContainer.swift */,
				3A8F45AC283FF59F00D0ECA7 /* TableViewContainer.swift */,
				3A2ED0CB2830E3A300285746 /* InputField.swift */,
				3A2ED0D5283178D200285746 /* CategoryButton.swift */,
				3A2ED0D82832253300285746 /* AdditionButton.swift */,
				3A2ED0DA2832612800285746 /* SeparatorView.swift */,
				3A2ED0DE28326A4E00285746 /* CalendarView.swift */,
				3A2ED0E0283287D200285746 /* TodayView.swift */,
				3A2ED0E22832991500285746 /* CoordinatesView.swift */,
				3A2ED0E42832A04A00285746 /* AltitudeView.swift */,
				3AC8A04B283D0EFE005CEBFD /* PhotoContainer.swift */,
				3A2ED0E82832C4C800285746 /* AttachPhotoView */,
				3A8F45B12840EEA100D0ECA7 /* MountainTableViewCell */,
			);
			path = Views;
			sourceTree = "<group>";
		};
		3A2ED0E82832C4C800285746 /* AttachPhotoView */ = {
			isa = PBXGroup;
			children = (
				3A2ED0E62832B43800285746 /* AttachPhotoView.swift */,
				3A2ED0E92832C4F500285746 /* GaleryView.swift */,
				3A2ED0EB2832C7E800285746 /* PhotoView.swift */,
			);
			path = AttachPhotoView;
			sourceTree = "<group>";
		};
		3A2ED0F32835433D00285746 /* Models */ = {
			isa = PBXGroup;
			children = (
				3A2ED0F42835435600285746 /* UserModel.swift */,
				3AC8A03A2837F414005CEBFD /* Models.swift */,
				3AC8A03E28390A6B005CEBFD /* MountainPassModel.swift */,
				3A8F45AA283FD99500D0ECA7 /* MountainModel.swift */,
			);
			path = Models;
			sourceTree = "<group>";
		};
		3A2ED0F8283548A700285746 /* Managers */ = {
			isa = PBXGroup;
			children = (
				3A2ED0F62835489F00285746 /* UserSettings.swift */,
			);
			path = Managers;
			sourceTree = "<group>";
		};
		3A8F45AE2840107A00D0ECA7 /* Enums */ = {
			isa = PBXGroup;
			children = (
				3AC8A04D283D175B005CEBFD /* TableSection.swift */,
			);
			path = Enums;
			sourceTree = "<group>";
		};
		3A8F45B12840EEA100D0ECA7 /* MountainTableViewCell */ = {
			isa = PBXGroup;
			children = (
				3A8F45AF2840113900D0ECA7 /* MountainTableViewCell.swift */,
				3A8F45B22840EEC600D0ECA7 /* EditToolsContainer.swift */,
			);
			path = MountainTableViewCell;
			sourceTree = "<group>";
		};
		3A8F45B62842147800D0ECA7 /* MountainPassListVC */ = {
			isa = PBXGroup;
			children = (
				3A8F45B42842145E00D0ECA7 /* BottomPanel.swift */,
			);
			path = MountainPassListVC;
			sourceTree = "<group>";
		};
		3A9BCE3328301BAF00C510FD /* Extensions */ = {
			isa = PBXGroup;
			children = (
				3A1D4F43282FD227003C57D9 /* UIColor + Extensions.swift */,
				3A1D4F48282FFDF1003C57D9 /* UIFont + Extensions.swift */,
				3A9BCE342830D14E00C510FD /* UIButton + Extensions.swift */,
				3A2ED0CD283114D600285746 /* UITextField + Extensions.swift */,
				3A2ED0CF28311FCA00285746 /* UILabel + Extensions.swift */,
			);
			path = Extensions;
			sourceTree = "<group>";
		};
		3AC8A0372837EC5A005CEBFD /* API */ = {
			isa = PBXGroup;
			children = (
				3AC8A0352836C75F005CEBFD /* MountainPass.swift */,
				3AC8A0382837ED18005CEBFD /* APIService.swift */,
			);
			path = API;
			sourceTree = "<group>";
		};
		3AC8A042283963C5005CEBFD /* Modals */ = {
			isa = PBXGroup;
			children = (
				3AC8A040283963B9005CEBFD /* CoordinatesModal.swift */,
				3AC8A049283A9947005CEBFD /* CoordinateField.swift */,
				3AC8A047283A3FC1005CEBFD /* AltitudeField.swift */,
			);
			path = Modals;
			sourceTree = "<group>";
		};
/* End PBXGroup section */

/* Begin PBXNativeTarget section */
		3A1D4F22282FCC61003C57D9 /* PerevalApp */ = {
			isa = PBXNativeTarget;
			buildConfigurationList = 3A1D4F37282FCC64003C57D9 /* Build configuration list for PBXNativeTarget "PerevalApp" */;
			buildPhases = (
				3A1D4F1F282FCC61003C57D9 /* Sources */,
				3A1D4F20282FCC61003C57D9 /* Frameworks */,
				3A1D4F21282FCC61003C57D9 /* Resources */,
			);
			buildRules = (
			);
			dependencies = (
			);
			name = PerevalApp;
			productName = PerevalApp;
			productReference = 3A1D4F23282FCC61003C57D9 /* PerevalApp.app */;
			productType = "com.apple.product-type.application";
		};
/* End PBXNativeTarget section */

/* Begin PBXProject section */
		3A1D4F1B282FCC61003C57D9 /* Project object */ = {
			isa = PBXProject;
			attributes = {
				BuildIndependentTargetsInParallel = 1;
				LastSwiftUpdateCheck = 1330;
				LastUpgradeCheck = 1330;
				TargetAttributes = {
					3A1D4F22282FCC61003C57D9 = {
						CreatedOnToolsVersion = 13.3;
					};
				};
			};
			buildConfigurationList = 3A1D4F1E282FCC61003C57D9 /* Build configuration list for PBXProject "PerevalApp" */;
			compatibilityVersion = "Xcode 13.0";
			developmentRegion = en;
			hasScannedForEncodings = 0;
			knownRegions = (
				en,
				Base,
			);
			mainGroup = 3A1D4F1A282FCC61003C57D9;
			productRefGroup = 3A1D4F24282FCC61003C57D9 /* Products */;
			projectDirPath = "";
			projectRoot = "";
			targets = (
				3A1D4F22282FCC61003C57D9 /* PerevalApp */,
			);
		};
/* End PBXProject section */

/* Begin PBXResourcesBuildPhase section */
		3A1D4F21282FCC61003C57D9 /* Resources */ = {
			isa = PBXResourcesBuildPhase;
			buildActionMask = 2147483647;
			files = (
				3A2ED0D228312AA900285746 /* Montserrat-Light.ttf in Resources */,
				3A1D4F47282FFC2B003C57D9 /* PTSans-Regular.ttf in Resources */,
				3A2ED0D4283150E600285746 /* ptMono-bold.ttf in Resources */,
				3A2ED0F02833F46600285746 /* Montserrat-Italic.ttf in Resources */,
				3A1D4F33282FCC64003C57D9 /* LaunchScreen.storyboard in Resources */,
				3A1D4F4B28300451003C57D9 /* PTSans-Bold.ttf in Resources */,
				3A2ED0F22833F8B500285746 /* DIN-Condensed.ttf in Resources */,
				3A1D4F30282FCC64003C57D9 /* Assets.xcassets in Resources */,
				3A1D4F4F28301294003C57D9 /* DINPro-Medium.otf in Resources */,
			);
			runOnlyForDeploymentPostprocessing = 0;
		};
/* End PBXResourcesBuildPhase section */

/* Begin PBXSourcesBuildPhase section */
		3A1D4F1F282FCC61003C57D9 /* Sources */ = {
			isa = PBXSourcesBuildPhase;
			buildActionMask = 2147483647;
			files = (
				3A8F45A9283FD52700D0ECA7 /* EmptyViewContainer.swift in Sources */,
				3A1D4F2B282FCC61003C57D9 /* WelcomeVC.swift in Sources */,
				3A1D4F40282FD013003C57D9 /* MountainPassListVC.swift in Sources */,
				3A2ED0EA2832C4F500285746 /* GaleryView.swift in Sources */,
				3A2ED0E72832B43800285746 /* AttachPhotoView.swift in Sources */,
				3A8F45B32840EEC600D0ECA7 /* EditToolsContainer.swift in Sources */,
				3AC8A02F28365238005CEBFD /* RootViewController.swift in Sources */,
				3AC8A048283A3FC1005CEBFD /* AltitudeField.swift in Sources */,
				3A2ED0E32832991600285746 /* CoordinatesView.swift in Sources */,
				3A2ED0EC2832C7E800285746 /* PhotoView.swift in Sources */,
				3AC8A041283963BA005CEBFD /* CoordinatesModal.swift in Sources */,
				3A2ED0DF28326A4E00285746 /* CalendarView.swift in Sources */,
				3A8F45B82842A1BC00D0ECA7 /* EditMountainPassVC.swift in Sources */,
				3A8F45B02840113900D0ECA7 /* MountainTableViewCell.swift in Sources */,
				3A8F45AB283FD99500D0ECA7 /* MountainModel.swift in Sources */,
				3A2ED0D028311FCA00285746 /* UILabel + Extensions.swift in Sources */,
				3A2ED0F52835435600285746 /* UserModel.swift in Sources */,
				3AC8A02D283651CE005CEBFD /* SplashViewController.swift in Sources */,
				3A8F45AD283FF59F00D0ECA7 /* TableViewContainer.swift in Sources */,
				3A1D4F27282FCC61003C57D9 /* AppDelegate.swift in Sources */,
				3A2ED0CC2830E3A300285746 /* InputField.swift in Sources */,
				3A1D4F44282FD227003C57D9 /* UIColor + Extensions.swift in Sources */,
				3AC8A04A283A9947005CEBFD /* CoordinateField.swift in Sources */,
				3A2ED0D6283178D300285746 /* CategoryButton.swift in Sources */,
				3A2ED0E1283287D200285746 /* TodayView.swift in Sources */,
				3A2ED0F72835489F00285746 /* UserSettings.swift in Sources */,
				3AC8A03F28390A6B005CEBFD /* MountainPassModel.swift in Sources */,
				3AC8A04E283D175B005CEBFD /* TableSection.swift in Sources */,
				3A8F45B52842145F00D0ECA7 /* BottomPanel.swift in Sources */,
				3AC8A0362836C75F005CEBFD /* MountainPass.swift in Sources */,
				3A2ED0D92832253500285746 /* AdditionButton.swift in Sources */,
				3A2ED0E52832A04A00285746 /* AltitudeView.swift in Sources */,
				3AC8A04C283D0EFE005CEBFD /* PhotoContainer.swift in Sources */,
				3A1D4F49282FFDF1003C57D9 /* UIFont + Extensions.swift in Sources */,
				3A2ED0CE283114D600285746 /* UITextField + Extensions.swift in Sources */,
				3AC8A0392837ED18005CEBFD /* APIService.swift in Sources */,
				3A1D4F29282FCC61003C57D9 /* SceneDelegate.swift in Sources */,
				3A1D4F3E282FCFC3003C57D9 /* RegistrationVC.swift in Sources */,
				3AC8A03B2837F414005CEBFD /* Models.swift in Sources */,
				3A2ED0DB2832612800285746 /* SeparatorView.swift in Sources */,
				3A9BCE352830D14E00C510FD /* UIButton + Extensions.swift in Sources */,
				3A1D4F42282FD02D003C57D9 /* NewMountainPassVC.swift in Sources */,
			);
			runOnlyForDeploymentPostprocessing = 0;
		};
/* End PBXSourcesBuildPhase section */

/* Begin PBXVariantGroup section */
		3A1D4F31282FCC64003C57D9 /* LaunchScreen.storyboard */ = {
			isa = PBXVariantGroup;
			children = (
				3A1D4F32282FCC64003C57D9 /* Base */,
			);
			name = LaunchScreen.storyboard;
			sourceTree = "<group>";
		};
/* End PBXVariantGroup section */

/* Begin XCBuildConfiguration section */
		3A1D4F35282FCC64003C57D9 /* Debug */ = {
			isa = XCBuildConfiguration;
			buildSettings = {
				ALWAYS_SEARCH_USER_PATHS = NO;
				CLANG_ANALYZER_NONNULL = YES;
				CLANG_ANALYZER_NUMBER_OBJECT_CONVERSION = YES_AGGRESSIVE;
				CLANG_CXX_LANGUAGE_STANDARD = "gnu++17";
				CLANG_ENABLE_MODULES = YES;
				CLANG_ENABLE_OBJC_ARC = YES;
				CLANG_ENABLE_OBJC_WEAK = YES;
				CLANG_WARN_BLOCK_CAPTURE_AUTORELEASING = YES;
				CLANG_WARN_BOOL_CONVERSION = YES;
				CLANG_WARN_COMMA = YES;
				CLANG_WARN_CONSTANT_CONVERSION = YES;
				CLANG_WARN_DEPRECATED_OBJC_IMPLEMENTATIONS = YES;
				CLANG_WARN_DIRECT_OBJC_ISA_USAGE = YES_ERROR;
				CLANG_WARN_DOCUMENTATION_COMMENTS = YES;
				CLANG_WARN_EMPTY_BODY = YES;
				CLANG_WARN_ENUM_CONVERSION = YES;
				CLANG_WARN_INFINITE_RECURSION = YES;
				CLANG_WARN_INT_CONVERSION = YES;
				CLANG_WARN_NON_LITERAL_NULL_CONVERSION = YES;
				CLANG_WARN_OBJC_IMPLICIT_RETAIN_SELF = YES;
				CLANG_WARN_OBJC_LITERAL_CONVERSION = YES;
				CLANG_WARN_OBJC_ROOT_CLASS = YES_ERROR;
				CLANG_WARN_QUOTED_INCLUDE_IN_FRAMEWORK_HEADER = YES;
				CLANG_WARN_RANGE_LOOP_ANALYSIS = YES;
				CLANG_WARN_STRICT_PROTOTYPES = YES;
				CLANG_WARN_SUSPICIOUS_MOVE = YES;
				CLANG_WARN_UNGUARDED_AVAILABILITY = YES_AGGRESSIVE;
				CLANG_WARN_UNREACHABLE_CODE = YES;
				CLANG_WARN__DUPLICATE_METHOD_MATCH = YES;
				COPY_PHASE_STRIP = NO;
				DEBUG_INFORMATION_FORMAT = dwarf;
				ENABLE_STRICT_OBJC_MSGSEND = YES;
				ENABLE_TESTABILITY = YES;
				GCC_C_LANGUAGE_STANDARD = gnu11;
				GCC_DYNAMIC_NO_PIC = NO;
				GCC_NO_COMMON_BLOCKS = YES;
				GCC_OPTIMIZATION_LEVEL = 0;
				GCC_PREPROCESSOR_DEFINITIONS = (
					"DEBUG=1",
					"$(inherited)",
				);
				GCC_WARN_64_TO_32_BIT_CONVERSION = YES;
				GCC_WARN_ABOUT_RETURN_TYPE = YES_ERROR;
				GCC_WARN_UNDECLARED_SELECTOR = YES;
				GCC_WARN_UNINITIALIZED_AUTOS = YES_AGGRESSIVE;
				GCC_WARN_UNUSED_FUNCTION = YES;
				GCC_WARN_UNUSED_VARIABLE = YES;
				IPHONEOS_DEPLOYMENT_TARGET = 14.0;
				MTL_ENABLE_DEBUG_INFO = INCLUDE_SOURCE;
				MTL_FAST_MATH = YES;
				ONLY_ACTIVE_ARCH = YES;
				SDKROOT = iphoneos;
				SWIFT_ACTIVE_COMPILATION_CONDITIONS = DEBUG;
				SWIFT_OPTIMIZATION_LEVEL = "-Onone";
			};
			name = Debug;
		};
		3A1D4F36282FCC64003C57D9 /* Release */ = {
			isa = XCBuildConfiguration;
			buildSettings = {
				ALWAYS_SEARCH_USER_PATHS = NO;
				CLANG_ANALYZER_NONNULL = YES;
				CLANG_ANALYZER_NUMBER_OBJECT_CONVERSION = YES_AGGRESSIVE;
				CLANG_CXX_LANGUAGE_STANDARD = "gnu++17";
				CLANG_ENABLE_MODULES = YES;
				CLANG_ENABLE_OBJC_ARC = YES;
				CLANG_ENABLE_OBJC_WEAK = YES;
				CLANG_WARN_BLOCK_CAPTURE_AUTORELEASING = YES;
				CLANG_WARN_BOOL_CONVERSION = YES;
				CLANG_WARN_COMMA = YES;
				CLANG_WARN_CONSTANT_CONVERSION = YES;
				CLANG_WARN_DEPRECATED_OBJC_IMPLEMENTATIONS = YES;
				CLANG_WARN_DIRECT_OBJC_ISA_USAGE = YES_ERROR;
				CLANG_WARN_DOCUMENTATION_COMMENTS = YES;
				CLANG_WARN_EMPTY_BODY = YES;
				CLANG_WARN_ENUM_CONVERSION = YES;
				CLANG_WARN_INFINITE_RECURSION = YES;
				CLANG_WARN_INT_CONVERSION = YES;
				CLANG_WARN_NON_LITERAL_NULL_CONVERSION = YES;
				CLANG_WARN_OBJC_IMPLICIT_RETAIN_SELF = YES;
				CLANG_WARN_OBJC_LITERAL_CONVERSION = YES;
				CLANG_WARN_OBJC_ROOT_CLASS = YES_ERROR;
				CLANG_WARN_QUOTED_INCLUDE_IN_FRAMEWORK_HEADER = YES;
				CLANG_WARN_RANGE_LOOP_ANALYSIS = YES;
				CLANG_WARN_STRICT_PROTOTYPES = YES;
				CLANG_WARN_SUSPICIOUS_MOVE = YES;
				CLANG_WARN_UNGUARDED_AVAILABILITY = YES_AGGRESSIVE;
				CLANG_WARN_UNREACHABLE_CODE = YES;
				CLANG_WARN__DUPLICATE_METHOD_MATCH = YES;
				COPY_PHASE_STRIP = NO;
				DEBUG_INFORMATION_FORMAT = "dwarf-with-dsym";
				ENABLE_NS_ASSERTIONS = NO;
				ENABLE_STRICT_OBJC_MSGSEND = YES;
				GCC_C_LANGUAGE_STANDARD = gnu11;
				GCC_NO_COMMON_BLOCKS = YES;
				GCC_WARN_64_TO_32_BIT_CONVERSION = YES;
				GCC_WARN_ABOUT_RETURN_TYPE = YES_ERROR;
				GCC_WARN_UNDECLARED_SELECTOR = YES;
				GCC_WARN_UNINITIALIZED_AUTOS = YES_AGGRESSIVE;
				GCC_WARN_UNUSED_FUNCTION = YES;
				GCC_WARN_UNUSED_VARIABLE = YES;
				IPHONEOS_DEPLOYMENT_TARGET = 14.0;
				MTL_ENABLE_DEBUG_INFO = NO;
				MTL_FAST_MATH = YES;
				SDKROOT = iphoneos;
				SWIFT_COMPILATION_MODE = wholemodule;
				SWIFT_OPTIMIZATION_LEVEL = "-O";
				VALIDATE_PRODUCT = YES;
			};
			name = Release;
		};
		3A1D4F38282FCC64003C57D9 /* Debug */ = {
			isa = XCBuildConfiguration;
			buildSettings = {
				ASSETCATALOG_COMPILER_APPICON_NAME = AppIcon;
				ASSETCATALOG_COMPILER_GLOBAL_ACCENT_COLOR_NAME = AccentColor;
				CODE_SIGN_STYLE = Automatic;
				CURRENT_PROJECT_VERSION = 1;
				DEVELOPMENT_TEAM = 8J73Q43L2S;
				GENERATE_INFOPLIST_FILE = YES;
				INFOPLIST_FILE = PerevalApp/Resources/Info.plist;
				INFOPLIST_KEY_UIApplicationSupportsIndirectInputEvents = YES;
				INFOPLIST_KEY_UILaunchStoryboardName = LaunchScreen;
				INFOPLIST_KEY_UISupportedInterfaceOrientations_iPad = "UIInterfaceOrientationPortrait UIInterfaceOrientationPortraitUpsideDown UIInterfaceOrientationLandscapeLeft UIInterfaceOrientationLandscapeRight";
				INFOPLIST_KEY_UISupportedInterfaceOrientations_iPhone = "UIInterfaceOrientationPortrait UIInterfaceOrientationLandscapeLeft UIInterfaceOrientationLandscapeRight";
				LD_RUNPATH_SEARCH_PATHS = (
					"$(inherited)",
					"@executable_path/Frameworks",
				);
				MARKETING_VERSION = 1.0;
				PRODUCT_BUNDLE_IDENTIFIER = lt.1011.PerevalApp;
				PRODUCT_NAME = "$(TARGET_NAME)";
				SWIFT_EMIT_LOC_STRINGS = YES;
				SWIFT_VERSION = 5.0;
				TARGETED_DEVICE_FAMILY = "1,2";
			};
			name = Debug;
		};
		3A1D4F39282FCC64003C57D9 /* Release */ = {
			isa = XCBuildConfiguration;
			buildSettings = {
				ASSETCATALOG_COMPILER_APPICON_NAME = AppIcon;
				ASSETCATALOG_COMPILER_GLOBAL_ACCENT_COLOR_NAME = AccentColor;
				CODE_SIGN_STYLE = Automatic;
				CURRENT_PROJECT_VERSION = 1;
				DEVELOPMENT_TEAM = 8J73Q43L2S;
				GENERATE_INFOPLIST_FILE = YES;
				INFOPLIST_FILE = PerevalApp/Resources/Info.plist;
				INFOPLIST_KEY_UIApplicationSupportsIndirectInputEvents = YES;
				INFOPLIST_KEY_UILaunchStoryboardName = LaunchScreen;
				INFOPLIST_KEY_UISupportedInterfaceOrientations_iPad = "UIInterfaceOrientationPortrait UIInterfaceOrientationPortraitUpsideDown UIInterfaceOrientationLandscapeLeft UIInterfaceOrientationLandscapeRight";
				INFOPLIST_KEY_UISupportedInterfaceOrientations_iPhone = "UIInterfaceOrientationPortrait UIInterfaceOrientationLandscapeLeft UIInterfaceOrientationLandscapeRight";
				LD_RUNPATH_SEARCH_PATHS = (
					"$(inherited)",
					"@executable_path/Frameworks",
				);
				MARKETING_VERSION = 1.0;
				PRODUCT_BUNDLE_IDENTIFIER = lt.1011.PerevalApp;
				PRODUCT_NAME = "$(TARGET_NAME)";
				SWIFT_EMIT_LOC_STRINGS = YES;
				SWIFT_VERSION = 5.0;
				TARGETED_DEVICE_FAMILY = "1,2";
			};
			name = Release;
		};
/* End XCBuildConfiguration section */

/* Begin XCConfigurationList section */
		3A1D4F1E282FCC61003C57D9 /* Build configuration list for PBXProject "PerevalApp" */ = {
			isa = XCConfigurationList;
			buildConfigurations = (
				3A1D4F35282FCC64003C57D9 /* Debug */,
				3A1D4F36282FCC64003C57D9 /* Release */,
			);
			defaultConfigurationIsVisible = 0;
			defaultConfigurationName = Release;
		};
		3A1D4F37282FCC64003C57D9 /* Build configuration list for PBXNativeTarget "PerevalApp" */ = {
			isa = XCConfigurationList;
			buildConfigurations = (
				3A1D4F38282FCC64003C57D9 /* Debug */,
				3A1D4F39282FCC64003C57D9 /* Release */,
			);
			defaultConfigurationIsVisible = 0;
			defaultConfigurationName = Release;
		};
/* End XCConfigurationList section */
	};
	rootObject = 3A1D4F1B282FCC61003C57D9 /* Project object */;
}
